{
  "name": "google-sheets-stalk-market-calculator",
  "requires": true,
  "lockfileVersion": 1,
  "dependencies": {
    "@types/google-apps-script": {
      "version": "1.0.11",
      "resolved": "https://registry.npmjs.org/@types/google-apps-script/-/google-apps-script-1.0.11.tgz",
      "integrity": "sha512-LQS3WtXMv/dcU3kdk2DT80fdTZUdL+7Wi4mIZFBYisbx8SBSln7uPDhejpe9BiULvEscZW74pgqrD+rqAaZw5w==",
      "dev": true
    },
    "ts2gas": {
      "version": "3.6.1",
      "resolved": "https://registry.npmjs.org/ts2gas/-/ts2gas-3.6.1.tgz",
      "integrity": "sha512-B/4OZJKslQytpAtRE0Q0MoZ0h8fyXzJDmMu1CIPdP6q3iEAQJHxCFTxUsrZWOCNQMIuFlxsEX/PHn41g8TVSvg==",
      "dev": true,
      "requires": {
        "typescript": "^3.8.3"
      }
    },
    "typescript": {
      "version": "3.8.3",
      "resolved": "https://registry.npmjs.org/typescript/-/typescript-3.8.3.tgz",
      "integrity": "sha512-MYlEfn5VrLNsgudQTVJeNaQFUAI7DkhnOjdpAp4T+ku1TfQClewlbSuTVHiA+8skNBgaf02TL/kLOvig4y3G8w==",
      "dev": true
    }
  }
}
